{
  "name": "my-app-nodejs-firebird-3",
  "version": "1.0.0",
  "lockfileVersion": 2,
  "requires": true,
  "packages": {
    "": {
      "version": "1.0.0",
      "license": "ISC",
      "dependencies": {
        "node-firebird": "^0.9.9"
      }
    },
    "node_modules/long": {
      "version": "4.0.0",
      "resolved": "https://registry.npmjs.org/long/-/long-4.0.0.tgz",
      "integrity": "sha512-XsP+KhQif4bjX1kbuSiySJFNAehNxgLb6hPRGJ9QsUr8ajHkuXGdrHmFUTUUXhDwVX2R5bY4JNZEwbUiMhV+MA=="
    },
    "node_modules/node-firebird": {
      "version": "0.9.9",
      "resolved": "https://registry.npmjs.org/node-firebird/-/node-firebird-0.9.9.tgz",
      "integrity": "sha512-nH4zIaglr+/J0E8W9YTiJchpFbjO7gc0ExDtzZmFXp9iLpmyuq+9RFEJoePT2WE39kkx+DNYO7J7TTHBpOmitQ==",
      "dependencies": {
        "long": "^4.0.0"
      }
    }
  },
  "dependencies": {
    "long": {
      "version": "4.0.0",
      "resolved": "https://registry.npmjs.org/long/-/long-4.0.0.tgz",
      "integrity": "sha512-XsP+KhQif4bjX1kbuSiySJFNAehNxgLb6hPRGJ9QsUr8ajHkuXGdrHmFUTUUXhDwVX2R5bY4JNZEwbUiMhV+MA=="
    },
    "node-firebird": {
      "version": "0.9.9",
      "resolved": "https://registry.npmjs.org/node-firebird/-/node-firebird-0.9.9.tgz",
      "integrity": "sha512-nH4zIaglr+/J0E8W9YTiJchpFbjO7gc0ExDtzZmFXp9iLpmyuq+9RFEJoePT2WE39kkx+DNYO7J7TTHBpOmitQ==",
      "requires": {
        "long": "^4.0.0"
      }
    }
  }
}
